// !$*UTF8*$!
{
	archiveVersion = 1;
	classes = {
	};
	objectVersion = 46;
	objects = {

/* Begin PBXBuildFile section */
		0338A1421AC90F62007421E6 /* AppDelegate.swift in Sources */ = {isa = PBXBuildFile; fileRef = 0338A1411AC90F62007421E6 /* AppDelegate.swift */; };
		0338A1441AC90F62007421E6 /* Images.xcassets in Resources */ = {isa = PBXBuildFile; fileRef = 0338A1431AC90F62007421E6 /* Images.xcassets */; };
		0338A1471AC90F62007421E6 /* MainMenu.xib in Resources */ = {isa = PBXBuildFile; fileRef = 0338A1451AC90F62007421E6 /* MainMenu.xib */; };
		0338A1531AC90F62007421E6 /* BrightTests.swift in Sources */ = {isa = PBXBuildFile; fileRef = 0338A1521AC90F62007421E6 /* BrightTests.swift */; };
/* End PBXBuildFile section */

/* Begin PBXContainerItemProxy section */
		0338A14D1AC90F62007421E6 /* PBXContainerItemProxy */ = {
			isa = PBXContainerItemProxy;
			containerPortal = 0338A1341AC90F62007421E6 /* Project object */;
			proxyType = 1;
			remoteGlobalIDString = 0338A13B1AC90F62007421E6;
			remoteInfo = Bright;
		};
/* End PBXContainerItemProxy section */

/* Begin PBXFileReference section */
		0338A13C1AC90F62007421E6 /* Bright.app */ = {isa = PBXFileReference; explicitFileType = wrapper.application; includeInIndex = 0; path = Bright.app; sourceTree = BUILT_PRODUCTS_DIR; };
		0338A1401AC90F62007421E6 /* Info.plist */ = {isa = PBXFileReference; lastKnownFileType = text.plist.xml; path = Info.plist; sourceTree = "<group>"; };
		0338A1411AC90F62007421E6 /* AppDelegate.swift */ = {isa = PBXFileReference; lastKnownFileType = sourcecode.swift; path = AppDelegate.swift; sourceTree = "<group>"; };
		0338A1431AC90F62007421E6 /* Images.xcassets */ = {isa = PBXFileReference; lastKnownFileType = folder.assetcatalog; path = Images.xcassets; sourceTree = "<group>"; };
		0338A1461AC90F62007421E6 /* Base */ = {isa = PBXFileReference; lastKnownFileType = file.xib; name = Base; path = Base.lproj/MainMenu.xib; sourceTree = "<group>"; };
		0338A14C1AC90F62007421E6 /* BrightTests.xctest */ = {isa = PBXFileReference; explicitFileType = wrapper.cfbundle; includeInIndex = 0; path = BrightTests.xctest; sourceTree = BUILT_PRODUCTS_DIR; };
		0338A1511AC90F62007421E6 /* Info.plist */ = {isa = PBXFileReference; lastKnownFileType = text.plist.xml; path = Info.plist; sourceTree = "<group>"; };
		0338A1521AC90F62007421E6 /* BrightTests.swift */ = {isa = PBXFileReference; lastKnownFileType = sourcecode.swift; path = BrightTests.swift; sourceTree = "<group>"; };
/* End PBXFileReference section */

/* Begin PBXFrameworksBuildPhase section */
		0338A1391AC90F62007421E6 /* Frameworks */ = {
			isa = PBXFrameworksBuildPhase;
			buildActionMask = 2147483647;
			files = (
			);
			runOnlyForDeploymentPostprocessing = 0;
		};
		0338A1491AC90F62007421E6 /* Frameworks */ = {
			isa = PBXFrameworksBuildPhase;
			buildActionMask = 2147483647;
			files = (
			);
			runOnlyForDeploymentPostprocessing = 0;
		};
/* End PBXFrameworksBuildPhase section */

/* Begin PBXGroup section */
		0338A1331AC90F62007421E6 = {
			isa = PBXGroup;
			children = (
				0338A13E1AC90F62007421E6 /* Bright */,
				0338A14F1AC90F62007421E6 /* BrightTests */,
				0338A13D1AC90F62007421E6 /* Products */,
			);
			sourceTree = "<group>";
		};
		0338A13D1AC90F62007421E6 /* Products */ = {
			isa = PBXGroup;
			children = (
				0338A13C1AC90F62007421E6 /* Bright.app */,
				0338A14C1AC90F62007421E6 /* BrightTests.xctest */,
			);
			name = Products;
			sourceTree = "<group>";
		};
		0338A13E1AC90F62007421E6 /* Bright */ = {
			isa = PBXGroup;
			children = (
				0338A1411AC90F62007421E6 /* AppDelegate.swift */,
				0338A1431AC90F62007421E6 /* Images.xcassets */,
				0338A1451AC90F62007421E6 /* MainMenu.xib */,
				0338A13F1AC90F62007421E6 /* Supporting Files */,
			);
			path = Bright;
			sourceTree = "<group>";
		};
		0338A13F1AC90F62007421E6 /* Supporting Files */ = {
			isa = PBXGroup;
			children = (
				0338A1401AC90F62007421E6 /* Info.plist */,
			);
			name = "Supporting Files";
			sourceTree = "<group>";
		};
		0338A14F1AC90F62007421E6 /* BrightTests */ = {
			isa = PBXGroup;
			children = (
				0338A1521AC90F62007421E6 /* BrightTests.swift */,
				0338A1501AC90F62007421E6 /* Supporting Files */,
			);
			path = BrightTests;
			sourceTree = "<group>";
		};
		0338A1501AC90F62007421E6 /* Supporting Files */ = {
			isa = PBXGroup;
			children = (
				0338A1511AC90F62007421E6 /* Info.plist */,
			);
			name = "Supporting Files";
			sourceTree = "<group>";
		};
/* End PBXGroup section */

/* Begin PBXNativeTarget section */
		0338A13B1AC90F62007421E6 /* Bright */ = {
			isa = PBXNativeTarget;
			buildConfigurationList = 0338A1561AC90F62007421E6 /* Build configuration list for PBXNativeTarget "Bright" */;
			buildPhases = (
				0338A1381AC90F62007421E6 /* Sources */,
				0338A1391AC90F62007421E6 /* Frameworks */,
				0338A13A1AC90F62007421E6 /* Resources */,
			);
			buildRules = (
			);
			dependencies = (
			);
			name = Bright;
			productName = Bright;
			productReference = 0338A13C1AC90F62007421E6 /* Bright.app */;
			productType = "com.apple.product-type.application";
		};
		0338A14B1AC90F62007421E6 /* BrightTests */ = {
			isa = PBXNativeTarget;
			buildConfigurationList = 0338A1591AC90F62007421E6 /* Build configuration list for PBXNativeTarget "BrightTests" */;
			buildPhases = (
				0338A1481AC90F62007421E6 /* Sources */,
				0338A1491AC90F62007421E6 /* Frameworks */,
				0338A14A1AC90F62007421E6 /* Resources */,
			);
			buildRules = (
			);
			dependencies = (
				0338A14E1AC90F62007421E6 /* PBXTargetDependency */,
			);
			name = BrightTests;
			productName = BrightTests;
			productReference = 0338A14C1AC90F62007421E6 /* BrightTests.xctest */;
			productType = "com.apple.product-type.bundle.unit-test";
		};
/* End PBXNativeTarget section */

/* Begin PBXProject section */
		0338A1341AC90F62007421E6 /* Project object */ = {
			isa = PBXProject;
			attributes = {
				LastUpgradeCheck = 0620;
				ORGANIZATIONNAME = "Intui, Inc.";
				TargetAttributes = {
					0338A13B1AC90F62007421E6 = {
						CreatedOnToolsVersion = 6.2;
					};
					0338A14B1AC90F62007421E6 = {
						CreatedOnToolsVersion = 6.2;
						TestTargetID = 0338A13B1AC90F62007421E6;
					};
				};
			};
			buildConfigurationList = 0338A1371AC90F62007421E6 /* Build configuration list for PBXProject "Bright" */;
			compatibilityVersion = "Xcode 3.2";
			developmentRegion = English;
			hasScannedForEncodings = 0;
			knownRegions = (
				en,
				Base,
			);
			mainGroup = 0338A1331AC90F62007421E6;
			productRefGroup = 0338A13D1AC90F62007421E6 /* Products */;
			projectDirPath = "";
			projectRoot = "";
			targets = (
				0338A13B1AC90F62007421E6 /* Bright */,
				0338A14B1AC90F62007421E6 /* BrightTests */,
			);
		};
/* End PBXProject section */

/* Begin PBXResourcesBuildPhase section */
		0338A13A1AC90F62007421E6 /* Resources */ = {
			isa = PBXResourcesBuildPhase;
			buildActionMask = 2147483647;
			files = (
				0338A1441AC90F62007421E6 /* Images.xcassets in Resources */,
				0338A1471AC90F62007421E6 /* MainMenu.xib in Resources */,
			);
			runOnlyForDeploymentPostprocessing = 0;
		};
		0338A14A1AC90F62007421E6 /* Resources */ = {
			isa = PBXResourcesBuildPhase;
			buildActionMask = 2147483647;
			files = (
			);
			runOnlyForDeploymentPostprocessing = 0;
		};
/* End PBXResourcesBuildPhase section */

/* Begin PBXSourcesBuildPhase section */
		0338A1381AC90F62007421E6 /* Sources */ = {
			isa = PBXSourcesBuildPhase;
			buildActionMask = 2147483647;
			files = (
				0338A1421AC90F62007421E6 /* AppDelegate.swift in Sources */,
			);
			runOnlyForDeploymentPostprocessing = 0;
		};
		0338A1481AC90F62007421E6 /* Sources */ = {
			isa = PBXSourcesBuildPhase;
			buildActionMask = 2147483647;
			files = (
				0338A1531AC90F62007421E6 /* BrightTests.swift in Sources */,
			);
			runOnlyForDeploymentPostprocessing = 0;
		};
/* End PBXSourcesBuildPhase section */

/* Begin PBXTargetDependency section */
		0338A14E1AC90F62007421E6 /* PBXTargetDependency */ = {
			isa = PBXTargetDependency;
			target = 0338A13B1AC90F62007421E6 /* Bright */;
			targetProxy = 0338A14D1AC90F62007421E6 /* PBXContainerItemProxy */;
		};
/* End PBXTargetDependency section */

/* Begin PBXVariantGroup section */
		0338A1451AC90F62007421E6 /* MainMenu.xib */ = {
			isa = PBXVariantGroup;
			children = (
				0338A1461AC90F62007421E6 /* Base */,
			);
			name = MainMenu.xib;
			sourceTree = "<group>";
		};
/* End PBXVariantGroup section */

/* Begin XCBuildConfiguration section */
		0338A1541AC90F62007421E6 /* Debug */ = {
			isa = XCBuildConfiguration;
			buildSettings = {
				ALWAYS_SEARCH_USER_PATHS = NO;
				CLANG_CXX_LANGUAGE_STANDARD = "gnu++0x";
				CLANG_CXX_LIBRARY = "libc++";
				CLANG_ENABLE_MODULES = YES;
				CLANG_ENABLE_OBJC_ARC = YES;
				CLANG_WARN_BOOL_CONVERSION = YES;
				CLANG_WARN_CONSTANT_CONVERSION = YES;
				CLANG_WARN_DIRECT_OBJC_ISA_USAGE = YES_ERROR;
				CLANG_WARN_EMPTY_BODY = YES;
				CLANG_WARN_ENUM_CONVERSION = YES;
				CLANG_WARN_INT_CONVERSION = YES;
				CLANG_WARN_OBJC_ROOT_CLASS = YES_ERROR;
				CLANG_WARN_UNREACHABLE_CODE = YES;
				CLANG_WARN__DUPLICATE_METHOD_MATCH = YES;
				CODE_SIGN_IDENTITY = "-";
				COPY_PHASE_STRIP = NO;
				ENABLE_STRICT_OBJC_MSGSEND = YES;
				GCC_C_LANGUAGE_STANDARD = gnu99;
				GCC_DYNAMIC_NO_PIC = NO;
				GCC_OPTIMIZATION_LEVEL = 0;
				GCC_PREPROCESSOR_DEFINITIONS = (
					"DEBUG=1",
					"$(inherited)",
				);
				GCC_SYMBOLS_PRIVATE_EXTERN = NO;
				GCC_WARN_64_TO_32_BIT_CONVERSION = YES;
				GCC_WARN_ABOUT_RETURN_TYPE = YES_ERROR;
				GCC_WARN_UNDECLARED_SELECTOR = YES;
				GCC_WARN_UNINITIALIZED_AUTOS = YES_AGGRESSIVE;
				GCC_WARN_UNUSED_FUNCTION = YES;
				GCC_WARN_UNUSED_VARIABLE = YES;
				MACOSX_DEPLOYMENT_TARGET = 10.10;
				MTL_ENABLE_DEBUG_INFO = YES;
				ONLY_ACTIVE_ARCH = YES;
				SDKROOT = macosx;
				SWIFT_OPTIMIZATION_LEVEL = "-Onone";
			};
			name = Debug;
		};
		0338A1551AC90F62007421E6 /* Release */ = {
			isa = XCBuildConfiguration;
			buildSettings = {
				ALWAYS_SEARCH_USER_PATHS = NO;
				CLANG_CXX_LANGUAGE_STANDARD = "gnu++0x";
				CLANG_CXX_LIBRARY = "libc++";
				CLANG_ENABLE_MODULES = YES;
				CLANG_ENABLE_OBJC_ARC = YES;
				CLANG_WARN_BOOL_CONVERSION = YES;
				CLANG_WARN_CONSTANT_CONVERSION = YES;
				CLANG_WARN_DIRECT_OBJC_ISA_USAGE = YES_ERROR;
				CLANG_WARN_EMPTY_BODY = YES;
				CLANG_WARN_ENUM_CONVERSION = YES;
				CLANG_WARN_INT_CONVERSION = YES;
				CLANG_WARN_OBJC_ROOT_CLASS = YES_ERROR;
				CLANG_WARN_UNREACHABLE_CODE = YES;
				CLANG_WARN__DUPLICATE_METHOD_MATCH = YES;
				CODE_SIGN_IDENTITY = "-";
				COPY_PHASE_STRIP = NO;
				DEBUG_INFORMATION_FORMAT = "dwarf-with-dsym";
				ENABLE_NS_ASSERTIONS = NO;
				ENABLE_STRICT_OBJC_MSGSEND = YES;
				GCC_C_LANGUAGE_STANDARD = gnu99;
				GCC_WARN_64_TO_32_BIT_CONVERSION = YES;
				GCC_WARN_ABOUT_RETURN_TYPE = YES_ERROR;
				GCC_WARN_UNDECLARED_SELECTOR = YES;
				GCC_WARN_UNINITIALIZED_AUTOS = YES_AGGRESSIVE;
				GCC_WARN_UNUSED_FUNCTION = YES;
				GCC_WARN_UNUSED_VARIABLE = YES;
				MACOSX_DEPLOYMENT_TARGET = 10.10;
				MTL_ENABLE_DEBUG_INFO = NO;
				SDKROOT = macosx;
			};
			name = Release;
		};
		0338A1571AC90F62007421E6 /* Debug */ = {
			isa = XCBuildConfiguration;
			buildSettings = {
				ASSETCATALOG_COMPILER_APPICON_NAME = AppIcon;
				COMBINE_HIDPI_IMAGES = YES;
				INFOPLIST_FILE = Bright/Info.plist;
				LD_RUNPATH_SEARCH_PATHS = "$(inherited) @executable_path/../Frameworks";
				PRODUCT_NAME = "$(TARGET_NAME)";
			};
			name = Debug;
		};
		0338A1581AC90F62007421E6 /* Release */ = {
			isa = XCBuildConfiguration;
			buildSettings = {
				ASSETCATALOG_COMPILER_APPICON_NAME = AppIcon;
				COMBINE_HIDPI_IMAGES = YES;
				INFOPLIST_FILE = Bright/Info.plist;
				LD_RUNPATH_SEARCH_PATHS = "$(inherited) @executable_path/../Frameworks";
				PRODUCT_NAME = "$(TARGET_NAME)";
			};
			name = Release;
		};
		0338A15A1AC90F62007421E6 /* Debug */ = {
			isa = XCBuildConfiguration;
			buildSettings = {
				BUNDLE_LOADER = "$(TEST_HOST)";
				COMBINE_HIDPI_IMAGES = YES;
				FRAMEWORK_SEARCH_PATHS = (
					"$(DEVELOPER_FRAMEWORKS_DIR)",
					"$(inherited)",
				);
				GCC_PREPROCESSOR_DEFINITIONS = (
					"DEBUG=1",
					"$(inherited)",
				);
				INFOPLIST_FILE = BrightTests/Info.plist;
				LD_RUNPATH_SEARCH_PATHS = "$(inherited) @executable_path/../Frameworks @loader_path/../Frameworks";
				PRODUCT_NAME = "$(TARGET_NAME)";
				TEST_HOST = "$(BUILT_PRODUCTS_DIR)/Bright.app/Contents/MacOS/Bright";
			};
			name = Debug;
		};
		0338A15B1AC90F62007421E6 /* Release */ = {
			isa = XCBuildConfiguration;
			buildSettings = {
				BUNDLE_LOADER = "$(TEST_HOST)";
				COMBINE_HIDPI_IMAGES = YES;
				FRAMEWORK_SEARCH_PATHS = (
					"$(DEVELOPER_FRAMEWORKS_DIR)",
					"$(inherited)",
				);
				INFOPLIST_FILE = BrightTests/Info.plist;
				LD_RUNPATH_SEARCH_PATHS = "$(inherited) @executable_path/../Frameworks @loader_path/../Frameworks";
				PRODUCT_NAME = "$(TARGET_NAME)";
				TEST_HOST = "$(BUILT_PRODUCTS_DIR)/Bright.app/Contents/MacOS/Bright";
			};
			name = Release;
		};
/* End XCBuildConfiguration section */

/* Begin XCConfigurationList section */
		0338A1371AC90F62007421E6 /* Build configuration list for PBXProject "Bright" */ = {
			isa = XCConfigurationList;
			buildConfigurations = (
				0338A1541AC90F62007421E6 /* Debug */,
				0338A1551AC90F62007421E6 /* Release */,
			);
			defaultConfigurationIsVisible = 0;
			defaultConfigurationName = Release;
		};
		0338A1561AC90F62007421E6 /* Build configuration list for PBXNativeTarget "Bright" */ = {
			isa = XCConfigurationList;
			buildConfigurations = (
				0338A1571AC90F62007421E6 /* Debug */,
				0338A1581AC90F62007421E6 /* Release */,
			);
			defaultConfigurationIsVisible = 0;
			defaultConfigurationName = Release;
		};
		0338A1591AC90F62007421E6 /* Build configuration list for PBXNativeTarget "BrightTests" */ = {
			isa = XCConfigurationList;
			buildConfigurations = (
				0338A15A1AC90F62007421E6 /* Debug */,
				0338A15B1AC90F62007421E6 /* Release */,
			);
			defaultConfigurationIsVisible = 0;
			defaultConfigurationName = Release;
		};
/* End XCConfigurationList section */
	};
	rootObject = 0338A1341AC90F62007421E6 /* Project object */;
}
