// !$*UTF8*$!
{
	archiveVersion = 1;
	classes = {
	};
	objectVersion = 46;
	objects = {

/* Begin PBXBuildFile section */
		03A5BDE11AD8AE2B0046418B /* AppDelegate.m in Sources */ = {isa = PBXBuildFile; fileRef = 03A5BDE01AD8AE2B0046418B /* AppDelegate.m */; };
		03A5BDE31AD8AE2B0046418B /* main.m in Sources */ = {isa = PBXBuildFile; fileRef = 03A5BDE21AD8AE2B0046418B /* main.m */; };
		03A5BDE51AD8AE2B0046418B /* Images.xcassets in Resources */ = {isa = PBXBuildFile; fileRef = 03A5BDE41AD8AE2B0046418B /* Images.xcassets */; };
		03A5BDE81AD8AE2B0046418B /* MainMenu.xib in Resources */ = {isa = PBXBuildFile; fileRef = 03A5BDE61AD8AE2B0046418B /* MainMenu.xib */; };
		03A5BDF41AD8AE2B0046418B /* BrightTests.m in Sources */ = {isa = PBXBuildFile; fileRef = 03A5BDF31AD8AE2B0046418B /* BrightTests.m */; };
/* End PBXBuildFile section */

/* Begin PBXContainerItemProxy section */
		03A5BDEE1AD8AE2B0046418B /* PBXContainerItemProxy */ = {
			isa = PBXContainerItemProxy;
			containerPortal = 03A5BDD21AD8AE2B0046418B /* Project object */;
			proxyType = 1;
			remoteGlobalIDString = 03A5BDD91AD8AE2B0046418B;
			remoteInfo = Bright;
		};
/* End PBXContainerItemProxy section */

/* Begin PBXFileReference section */
		03A5BDDA1AD8AE2B0046418B /* Bright.app */ = {isa = PBXFileReference; explicitFileType = wrapper.application; includeInIndex = 0; path = Bright.app; sourceTree = BUILT_PRODUCTS_DIR; };
		03A5BDDE1AD8AE2B0046418B /* Info.plist */ = {isa = PBXFileReference; lastKnownFileType = text.plist.xml; path = Info.plist; sourceTree = "<group>"; };
		03A5BDDF1AD8AE2B0046418B /* AppDelegate.h */ = {isa = PBXFileReference; lastKnownFileType = sourcecode.c.h; path = AppDelegate.h; sourceTree = "<group>"; };
		03A5BDE01AD8AE2B0046418B /* AppDelegate.m */ = {isa = PBXFileReference; lastKnownFileType = sourcecode.c.objc; path = AppDelegate.m; sourceTree = "<group>"; };
		03A5BDE21AD8AE2B0046418B /* main.m */ = {isa = PBXFileReference; lastKnownFileType = sourcecode.c.objc; path = main.m; sourceTree = "<group>"; };
		03A5BDE41AD8AE2B0046418B /* Images.xcassets */ = {isa = PBXFileReference; lastKnownFileType = folder.assetcatalog; path = Images.xcassets; sourceTree = "<group>"; };
		03A5BDE71AD8AE2B0046418B /* Base */ = {isa = PBXFileReference; lastKnownFileType = file.xib; name = Base; path = Base.lproj/MainMenu.xib; sourceTree = "<group>"; };
		03A5BDED1AD8AE2B0046418B /* BrightTests.xctest */ = {isa = PBXFileReference; explicitFileType = wrapper.cfbundle; includeInIndex = 0; path = BrightTests.xctest; sourceTree = BUILT_PRODUCTS_DIR; };
		03A5BDF21AD8AE2B0046418B /* Info.plist */ = {isa = PBXFileReference; lastKnownFileType = text.plist.xml; path = Info.plist; sourceTree = "<group>"; };
		03A5BDF31AD8AE2B0046418B /* BrightTests.m */ = {isa = PBXFileReference; lastKnownFileType = sourcecode.c.objc; path = BrightTests.m; sourceTree = "<group>"; };
/* End PBXFileReference section */

/* Begin PBXFrameworksBuildPhase section */
		03A5BDD71AD8AE2B0046418B /* Frameworks */ = {
			isa = PBXFrameworksBuildPhase;
			buildActionMask = 2147483647;
			files = (
			);
			runOnlyForDeploymentPostprocessing = 0;
		};
		03A5BDEA1AD8AE2B0046418B /* Frameworks */ = {
			isa = PBXFrameworksBuildPhase;
			buildActionMask = 2147483647;
			files = (
			);
			runOnlyForDeploymentPostprocessing = 0;
		};
/* End PBXFrameworksBuildPhase section */

/* Begin PBXGroup section */
		03A5BDD11AD8AE2B0046418B = {
			isa = PBXGroup;
			children = (
				03A5BDDC1AD8AE2B0046418B /* Bright */,
				03A5BDF01AD8AE2B0046418B /* BrightTests */,
				03A5BDDB1AD8AE2B0046418B /* Products */,
			);
			sourceTree = "<group>";
		};
		03A5BDDB1AD8AE2B0046418B /* Products */ = {
			isa = PBXGroup;
			children = (
				03A5BDDA1AD8AE2B0046418B /* Bright.app */,
				03A5BDED1AD8AE2B0046418B /* BrightTests.xctest */,
			);
			name = Products;
			sourceTree = "<group>";
		};
		03A5BDDC1AD8AE2B0046418B /* Bright */ = {
			isa = PBXGroup;
			children = (
				03A5BDDF1AD8AE2B0046418B /* AppDelegate.h */,
				03A5BDE01AD8AE2B0046418B /* AppDelegate.m */,
				03A5BDE41AD8AE2B0046418B /* Images.xcassets */,
				03A5BDE61AD8AE2B0046418B /* MainMenu.xib */,
				03A5BDDD1AD8AE2B0046418B /* Supporting Files */,
			);
			path = Bright;
			sourceTree = "<group>";
		};
		03A5BDDD1AD8AE2B0046418B /* Supporting Files */ = {
			isa = PBXGroup;
			children = (
				03A5BDDE1AD8AE2B0046418B /* Info.plist */,
				03A5BDE21AD8AE2B0046418B /* main.m */,
			);
			name = "Supporting Files";
			sourceTree = "<group>";
		};
		03A5BDF01AD8AE2B0046418B /* BrightTests */ = {
			isa = PBXGroup;
			children = (
				03A5BDF31AD8AE2B0046418B /* BrightTests.m */,
				03A5BDF11AD8AE2B0046418B /* Supporting Files */,
			);
			path = BrightTests;
			sourceTree = "<group>";
		};
		03A5BDF11AD8AE2B0046418B /* Supporting Files */ = {
			isa = PBXGroup;
			children = (
				03A5BDF21AD8AE2B0046418B /* Info.plist */,
			);
			name = "Supporting Files";
			sourceTree = "<group>";
		};
/* End PBXGroup section */

/* Begin PBXNativeTarget section */
		03A5BDD91AD8AE2B0046418B /* Bright */ = {
			isa = PBXNativeTarget;
			buildConfigurationList = 03A5BDF71AD8AE2B0046418B /* Build configuration list for PBXNativeTarget "Bright" */;
			buildPhases = (
				03A5BDD61AD8AE2B0046418B /* Sources */,
				03A5BDD71AD8AE2B0046418B /* Frameworks */,
				03A5BDD81AD8AE2B0046418B /* Resources */,
			);
			buildRules = (
			);
			dependencies = (
			);
			name = Bright;
			productName = Bright;
			productReference = 03A5BDDA1AD8AE2B0046418B /* Bright.app */;
			productType = "com.apple.product-type.application";
		};
		03A5BDEC1AD8AE2B0046418B /* BrightTests */ = {
			isa = PBXNativeTarget;
			buildConfigurationList = 03A5BDFA1AD8AE2B0046418B /* Build configuration list for PBXNativeTarget "BrightTests" */;
			buildPhases = (
				03A5BDE91AD8AE2B0046418B /* Sources */,
				03A5BDEA1AD8AE2B0046418B /* Frameworks */,
				03A5BDEB1AD8AE2B0046418B /* Resources */,
			);
			buildRules = (
			);
			dependencies = (
				03A5BDEF1AD8AE2B0046418B /* PBXTargetDependency */,
			);
			name = BrightTests;
			productName = BrightTests;
			productReference = 03A5BDED1AD8AE2B0046418B /* BrightTests.xctest */;
			productType = "com.apple.product-type.bundle.unit-test";
		};
/* End PBXNativeTarget section */

/* Begin PBXProject section */
		03A5BDD21AD8AE2B0046418B /* Project object */ = {
			isa = PBXProject;
			attributes = {
				LastUpgradeCheck = 0630;
				ORGANIZATIONNAME = "Intui, Inc.";
				TargetAttributes = {
					03A5BDD91AD8AE2B0046418B = {
						CreatedOnToolsVersion = 6.3;
					};
					03A5BDEC1AD8AE2B0046418B = {
						CreatedOnToolsVersion = 6.3;
						TestTargetID = 03A5BDD91AD8AE2B0046418B;
					};
				};
			};
			buildConfigurationList = 03A5BDD51AD8AE2B0046418B /* Build configuration list for PBXProject "Bright" */;
			compatibilityVersion = "Xcode 3.2";
			developmentRegion = English;
			hasScannedForEncodings = 0;
			knownRegions = (
				en,
				Base,
			);
			mainGroup = 03A5BDD11AD8AE2B0046418B;
			productRefGroup = 03A5BDDB1AD8AE2B0046418B /* Products */;
			projectDirPath = "";
			projectRoot = "";
			targets = (
				03A5BDD91AD8AE2B0046418B /* Bright */,
				03A5BDEC1AD8AE2B0046418B /* BrightTests */,
			);
		};
/* End PBXProject section */

/* Begin PBXResourcesBuildPhase section */
		03A5BDD81AD8AE2B0046418B /* Resources */ = {
			isa = PBXResourcesBuildPhase;
			buildActionMask = 2147483647;
			files = (
				03A5BDE51AD8AE2B0046418B /* Images.xcassets in Resources */,
				03A5BDE81AD8AE2B0046418B /* MainMenu.xib in Resources */,
			);
			runOnlyForDeploymentPostprocessing = 0;
		};
		03A5BDEB1AD8AE2B0046418B /* Resources */ = {
			isa = PBXResourcesBuildPhase;
			buildActionMask = 2147483647;
			files = (
			);
			runOnlyForDeploymentPostprocessing = 0;
		};
/* End PBXResourcesBuildPhase section */

/* Begin PBXSourcesBuildPhase section */
		03A5BDD61AD8AE2B0046418B /* Sources */ = {
			isa = PBXSourcesBuildPhase;
			buildActionMask = 2147483647;
			files = (
				03A5BDE31AD8AE2B0046418B /* main.m in Sources */,
				03A5BDE11AD8AE2B0046418B /* AppDelegate.m in Sources */,
			);
			runOnlyForDeploymentPostprocessing = 0;
		};
		03A5BDE91AD8AE2B0046418B /* Sources */ = {
			isa = PBXSourcesBuildPhase;
			buildActionMask = 2147483647;
			files = (
				03A5BDF41AD8AE2B0046418B /* BrightTests.m in Sources */,
			);
			runOnlyForDeploymentPostprocessing = 0;
		};
/* End PBXSourcesBuildPhase section */

/* Begin PBXTargetDependency section */
		03A5BDEF1AD8AE2B0046418B /* PBXTargetDependency */ = {
			isa = PBXTargetDependency;
			target = 03A5BDD91AD8AE2B0046418B /* Bright */;
			targetProxy = 03A5BDEE1AD8AE2B0046418B /* PBXContainerItemProxy */;
		};
/* End PBXTargetDependency section */

/* Begin PBXVariantGroup section */
		03A5BDE61AD8AE2B0046418B /* MainMenu.xib */ = {
			isa = PBXVariantGroup;
			children = (
				03A5BDE71AD8AE2B0046418B /* Base */,
			);
			name = MainMenu.xib;
			sourceTree = "<group>";
		};
/* End PBXVariantGroup section */

/* Begin XCBuildConfiguration section */
		03A5BDF51AD8AE2B0046418B /* Debug */ = {
			isa = XCBuildConfiguration;
			buildSettings = {
				ALWAYS_SEARCH_USER_PATHS = NO;
				CLANG_CXX_LANGUAGE_STANDARD = "gnu++0x";
				CLANG_CXX_LIBRARY = "libc++";
				CLANG_ENABLE_MODULES = YES;
				CLANG_ENABLE_OBJC_ARC = YES;
				CLANG_WARN_BOOL_CONVERSION = YES;
				CLANG_WARN_CONSTANT_CONVERSION = YES;
				CLANG_WARN_DIRECT_OBJC_ISA_USAGE = YES_ERROR;
				CLANG_WARN_EMPTY_BODY = YES;
				CLANG_WARN_ENUM_CONVERSION = YES;
				CLANG_WARN_INT_CONVERSION = YES;
				CLANG_WARN_OBJC_ROOT_CLASS = YES_ERROR;
				CLANG_WARN_UNREACHABLE_CODE = YES;
				CLANG_WARN__DUPLICATE_METHOD_MATCH = YES;
				CODE_SIGN_IDENTITY = "-";
				COPY_PHASE_STRIP = NO;
				DEBUG_INFORMATION_FORMAT = dwarf;
				ENABLE_STRICT_OBJC_MSGSEND = YES;
				GCC_C_LANGUAGE_STANDARD = gnu99;
				GCC_DYNAMIC_NO_PIC = NO;
				GCC_NO_COMMON_BLOCKS = YES;
				GCC_OPTIMIZATION_LEVEL = 0;
				GCC_PREPROCESSOR_DEFINITIONS = (
					"DEBUG=1",
					"$(inherited)",
				);
				GCC_SYMBOLS_PRIVATE_EXTERN = NO;
				GCC_WARN_64_TO_32_BIT_CONVERSION = YES;
				GCC_WARN_ABOUT_RETURN_TYPE = YES_ERROR;
				GCC_WARN_UNDECLARED_SELECTOR = YES;
				GCC_WARN_UNINITIALIZED_AUTOS = YES_AGGRESSIVE;
				GCC_WARN_UNUSED_FUNCTION = YES;
				GCC_WARN_UNUSED_VARIABLE = YES;
				MACOSX_DEPLOYMENT_TARGET = 10.10;
				MTL_ENABLE_DEBUG_INFO = YES;
				ONLY_ACTIVE_ARCH = YES;
				SDKROOT = macosx;
			};
			name = Debug;
		};
		03A5BDF61AD8AE2B0046418B /* Release */ = {
			isa = XCBuildConfiguration;
			buildSettings = {
				ALWAYS_SEARCH_USER_PATHS = NO;
				CLANG_CXX_LANGUAGE_STANDARD = "gnu++0x";
				CLANG_CXX_LIBRARY = "libc++";
				CLANG_ENABLE_MODULES = YES;
				CLANG_ENABLE_OBJC_ARC = YES;
				CLANG_WARN_BOOL_CONVERSION = YES;
				CLANG_WARN_CONSTANT_CONVERSION = YES;
				CLANG_WARN_DIRECT_OBJC_ISA_USAGE = YES_ERROR;
				CLANG_WARN_EMPTY_BODY = YES;
				CLANG_WARN_ENUM_CONVERSION = YES;
				CLANG_WARN_INT_CONVERSION = YES;
				CLANG_WARN_OBJC_ROOT_CLASS = YES_ERROR;
				CLANG_WARN_UNREACHABLE_CODE = YES;
				CLANG_WARN__DUPLICATE_METHOD_MATCH = YES;
				CODE_SIGN_IDENTITY = "-";
				COPY_PHASE_STRIP = NO;
				DEBUG_INFORMATION_FORMAT = "dwarf-with-dsym";
				ENABLE_NS_ASSERTIONS = NO;
				ENABLE_STRICT_OBJC_MSGSEND = YES;
				GCC_C_LANGUAGE_STANDARD = gnu99;
				GCC_NO_COMMON_BLOCKS = YES;
				GCC_WARN_64_TO_32_BIT_CONVERSION = YES;
				GCC_WARN_ABOUT_RETURN_TYPE = YES_ERROR;
				GCC_WARN_UNDECLARED_SELECTOR = YES;
				GCC_WARN_UNINITIALIZED_AUTOS = YES_AGGRESSIVE;
				GCC_WARN_UNUSED_FUNCTION = YES;
				GCC_WARN_UNUSED_VARIABLE = YES;
				MACOSX_DEPLOYMENT_TARGET = 10.10;
				MTL_ENABLE_DEBUG_INFO = NO;
				SDKROOT = macosx;
			};
			name = Release;
		};
		03A5BDF81AD8AE2B0046418B /* Debug */ = {
			isa = XCBuildConfiguration;
			buildSettings = {
				ASSETCATALOG_COMPILER_APPICON_NAME = AppIcon;
				COMBINE_HIDPI_IMAGES = YES;
				INFOPLIST_FILE = Bright/Info.plist;
				LD_RUNPATH_SEARCH_PATHS = "$(inherited) @executable_path/../Frameworks";
				PRODUCT_NAME = "$(TARGET_NAME)";
			};
			name = Debug;
		};
		03A5BDF91AD8AE2B0046418B /* Release */ = {
			isa = XCBuildConfiguration;
			buildSettings = {
				ASSETCATALOG_COMPILER_APPICON_NAME = AppIcon;
				COMBINE_HIDPI_IMAGES = YES;
				INFOPLIST_FILE = Bright/Info.plist;
				LD_RUNPATH_SEARCH_PATHS = "$(inherited) @executable_path/../Frameworks";
				PRODUCT_NAME = "$(TARGET_NAME)";
			};
			name = Release;
		};
		03A5BDFB1AD8AE2B0046418B /* Debug */ = {
			isa = XCBuildConfiguration;
			buildSettings = {
				BUNDLE_LOADER = "$(TEST_HOST)";
				COMBINE_HIDPI_IMAGES = YES;
				FRAMEWORK_SEARCH_PATHS = (
					"$(DEVELOPER_FRAMEWORKS_DIR)",
					"$(inherited)",
				);
				GCC_PREPROCESSOR_DEFINITIONS = (
					"DEBUG=1",
					"$(inherited)",
				);
				INFOPLIST_FILE = BrightTests/Info.plist;
				LD_RUNPATH_SEARCH_PATHS = "$(inherited) @executable_path/../Frameworks @loader_path/../Frameworks";
				PRODUCT_NAME = "$(TARGET_NAME)";
				TEST_HOST = "$(BUILT_PRODUCTS_DIR)/Bright.app/Contents/MacOS/Bright";
			};
			name = Debug;
		};
		03A5BDFC1AD8AE2B0046418B /* Release */ = {
			isa = XCBuildConfiguration;
			buildSettings = {
				BUNDLE_LOADER = "$(TEST_HOST)";
				COMBINE_HIDPI_IMAGES = YES;
				FRAMEWORK_SEARCH_PATHS = (
					"$(DEVELOPER_FRAMEWORKS_DIR)",
					"$(inherited)",
				);
				INFOPLIST_FILE = BrightTests/Info.plist;
				LD_RUNPATH_SEARCH_PATHS = "$(inherited) @executable_path/../Frameworks @loader_path/../Frameworks";
				PRODUCT_NAME = "$(TARGET_NAME)";
				TEST_HOST = "$(BUILT_PRODUCTS_DIR)/Bright.app/Contents/MacOS/Bright";
			};
			name = Release;
		};
/* End XCBuildConfiguration section */

/* Begin XCConfigurationList section */
		03A5BDD51AD8AE2B0046418B /* Build configuration list for PBXProject "Bright" */ = {
			isa = XCConfigurationList;
			buildConfigurations = (
				03A5BDF51AD8AE2B0046418B /* Debug */,
				03A5BDF61AD8AE2B0046418B /* Release */,
			);
			defaultConfigurationIsVisible = 0;
			defaultConfigurationName = Release;
		};
		03A5BDF71AD8AE2B0046418B /* Build configuration list for PBXNativeTarget "Bright" */ = {
			isa = XCConfigurationList;
			buildConfigurations = (
				03A5BDF81AD8AE2B0046418B /* Debug */,
				03A5BDF91AD8AE2B0046418B /* Release */,
			);
			defaultConfigurationIsVisible = 0;
		};
		03A5BDFA1AD8AE2B0046418B /* Build configuration list for PBXNativeTarget "BrightTests" */ = {
			isa = XCConfigurationList;
			buildConfigurations = (
				03A5BDFB1AD8AE2B0046418B /* Debug */,
				03A5BDFC1AD8AE2B0046418B /* Release */,
			);
			defaultConfigurationIsVisible = 0;
		};
/* End XCConfigurationList section */
	};
	rootObject = 03A5BDD21AD8AE2B0046418B /* Project object */;
}
