// !$*UTF8*$!
{
	archiveVersion = 1;
	classes = {
	};
	objectVersion = 46;
	objects = {

/* Begin PBXBuildFile section */
		0304038B1B5DE5830080A4E2 /* SwiftyJSON.swift in Sources */ = {isa = PBXBuildFile; fileRef = 0304038A1B5DE5830080A4E2 /* SwiftyJSON.swift */; };
		038E12841B9AD7CC00AB4FE3 /* About.xib in Resources */ = {isa = PBXBuildFile; fileRef = 038E12831B9AD7CC00AB4FE3 /* About.xib */; };
		038E128A1B9ADB5600AB4FE3 /* AboutController.swift in Sources */ = {isa = PBXBuildFile; fileRef = 038E12891B9ADB5600AB4FE3 /* AboutController.swift */; };
		038E128C1B9ADC9E00AB4FE3 /* Preferences.xib in Resources */ = {isa = PBXBuildFile; fileRef = 038E128B1B9ADC9E00AB4FE3 /* Preferences.xib */; };
		038E128E1B9ADDF700AB4FE3 /* PreferencesController.swift in Sources */ = {isa = PBXBuildFile; fileRef = 038E128D1B9ADDF700AB4FE3 /* PreferencesController.swift */; };
		039A99231B58C3F7005E6E93 /* AppDelegate.swift in Sources */ = {isa = PBXBuildFile; fileRef = 039A99221B58C3F7005E6E93 /* AppDelegate.swift */; };
		039A99251B58C3F7005E6E93 /* Images.xcassets in Resources */ = {isa = PBXBuildFile; fileRef = 039A99241B58C3F7005E6E93 /* Images.xcassets */; };
		039A99281B58C3F7005E6E93 /* MainMenu.xib in Resources */ = {isa = PBXBuildFile; fileRef = 039A99261B58C3F7005E6E93 /* MainMenu.xib */; };
		039A99341B58C3F8005E6E93 /* NimbleTests.swift in Sources */ = {isa = PBXBuildFile; fileRef = 039A99331B58C3F8005E6E93 /* NimbleTests.swift */; };
		03BA70201B5A25A900858FD6 /* MenuViewController.swift in Sources */ = {isa = PBXBuildFile; fileRef = 03BA701E1B5A25A900858FD6 /* MenuViewController.swift */; };
		03BA70211B5A25A900858FD6 /* MenuViewController.xib in Resources */ = {isa = PBXBuildFile; fileRef = 03BA701F1B5A25A900858FD6 /* MenuViewController.xib */; };
/* End PBXBuildFile section */

/* Begin PBXContainerItemProxy section */
		039A992E1B58C3F8005E6E93 /* PBXContainerItemProxy */ = {
			isa = PBXContainerItemProxy;
			containerPortal = 039A99151B58C3F7005E6E93 /* Project object */;
			proxyType = 1;
			remoteGlobalIDString = 039A991C1B58C3F7005E6E93;
			remoteInfo = Nimble;
		};
/* End PBXContainerItemProxy section */

/* Begin PBXFileReference section */
		0304038A1B5DE5830080A4E2 /* SwiftyJSON.swift */ = {isa = PBXFileReference; fileEncoding = 4; lastKnownFileType = sourcecode.swift; path = SwiftyJSON.swift; sourceTree = "<group>"; };
		038E12831B9AD7CC00AB4FE3 /* About.xib */ = {isa = PBXFileReference; fileEncoding = 4; lastKnownFileType = file.xib; path = About.xib; sourceTree = "<group>"; };
		038E12891B9ADB5600AB4FE3 /* AboutController.swift */ = {isa = PBXFileReference; fileEncoding = 4; lastKnownFileType = sourcecode.swift; path = AboutController.swift; sourceTree = "<group>"; };
		038E128B1B9ADC9E00AB4FE3 /* Preferences.xib */ = {isa = PBXFileReference; fileEncoding = 4; lastKnownFileType = file.xib; path = Preferences.xib; sourceTree = "<group>"; };
		038E128D1B9ADDF700AB4FE3 /* PreferencesController.swift */ = {isa = PBXFileReference; fileEncoding = 4; lastKnownFileType = sourcecode.swift; path = PreferencesController.swift; sourceTree = "<group>"; };
		039A991D1B58C3F7005E6E93 /* Nimble.app */ = {isa = PBXFileReference; explicitFileType = wrapper.application; includeInIndex = 0; path = Nimble.app; sourceTree = BUILT_PRODUCTS_DIR; };
		039A99211B58C3F7005E6E93 /* Info.plist */ = {isa = PBXFileReference; lastKnownFileType = text.plist.xml; path = Info.plist; sourceTree = "<group>"; };
		039A99221B58C3F7005E6E93 /* AppDelegate.swift */ = {isa = PBXFileReference; lastKnownFileType = sourcecode.swift; path = AppDelegate.swift; sourceTree = "<group>"; };
		039A99241B58C3F7005E6E93 /* Images.xcassets */ = {isa = PBXFileReference; lastKnownFileType = folder.assetcatalog; path = Images.xcassets; sourceTree = "<group>"; };
		039A99271B58C3F7005E6E93 /* Base */ = {isa = PBXFileReference; lastKnownFileType = file.xib; name = Base; path = Base.lproj/MainMenu.xib; sourceTree = "<group>"; };
		039A992D1B58C3F8005E6E93 /* NimbleTests.xctest */ = {isa = PBXFileReference; explicitFileType = wrapper.cfbundle; includeInIndex = 0; path = NimbleTests.xctest; sourceTree = BUILT_PRODUCTS_DIR; };
		039A99321B58C3F8005E6E93 /* Info.plist */ = {isa = PBXFileReference; lastKnownFileType = text.plist.xml; path = Info.plist; sourceTree = "<group>"; };
		039A99331B58C3F8005E6E93 /* NimbleTests.swift */ = {isa = PBXFileReference; lastKnownFileType = sourcecode.swift; path = NimbleTests.swift; sourceTree = "<group>"; };
		03BA701E1B5A25A900858FD6 /* MenuViewController.swift */ = {isa = PBXFileReference; fileEncoding = 4; lastKnownFileType = sourcecode.swift; path = MenuViewController.swift; sourceTree = "<group>"; };
		03BA701F1B5A25A900858FD6 /* MenuViewController.xib */ = {isa = PBXFileReference; fileEncoding = 4; lastKnownFileType = file.xib; path = MenuViewController.xib; sourceTree = "<group>"; };
/* End PBXFileReference section */

/* Begin PBXFrameworksBuildPhase section */
		039A991A1B58C3F7005E6E93 /* Frameworks */ = {
			isa = PBXFrameworksBuildPhase;
			buildActionMask = 2147483647;
			files = (
			);
			runOnlyForDeploymentPostprocessing = 0;
		};
		039A992A1B58C3F7005E6E93 /* Frameworks */ = {
			isa = PBXFrameworksBuildPhase;
			buildActionMask = 2147483647;
			files = (
			);
			runOnlyForDeploymentPostprocessing = 0;
		};
/* End PBXFrameworksBuildPhase section */

/* Begin PBXGroup section */
		039A99141B58C3F7005E6E93 = {
			isa = PBXGroup;
			children = (
				039A991F1B58C3F7005E6E93 /* Nimble */,
				039A99301B58C3F8005E6E93 /* NimbleTests */,
				039A991E1B58C3F7005E6E93 /* Products */,
			);
			sourceTree = "<group>";
		};
		039A991E1B58C3F7005E6E93 /* Products */ = {
			isa = PBXGroup;
			children = (
				039A991D1B58C3F7005E6E93 /* Nimble.app */,
				039A992D1B58C3F8005E6E93 /* NimbleTests.xctest */,
			);
			name = Products;
			sourceTree = "<group>";
		};
		039A991F1B58C3F7005E6E93 /* Nimble */ = {
			isa = PBXGroup;
			children = (
				039A99261B58C3F7005E6E93 /* MainMenu.xib */,
				0304038A1B5DE5830080A4E2 /* SwiftyJSON.swift */,
				039A99221B58C3F7005E6E93 /* AppDelegate.swift */,
				03BA701E1B5A25A900858FD6 /* MenuViewController.swift */,
				03BA701F1B5A25A900858FD6 /* MenuViewController.xib */,
				038E128D1B9ADDF700AB4FE3 /* PreferencesController.swift */,
				038E128B1B9ADC9E00AB4FE3 /* Preferences.xib */,
				038E12891B9ADB5600AB4FE3 /* AboutController.swift */,
				038E12831B9AD7CC00AB4FE3 /* About.xib */,
				039A99241B58C3F7005E6E93 /* Images.xcassets */,
				039A99201B58C3F7005E6E93 /* Supporting Files */,
			);
			path = Nimble;
			sourceTree = "<group>";
		};
		039A99201B58C3F7005E6E93 /* Supporting Files */ = {
			isa = PBXGroup;
			children = (
				039A99211B58C3F7005E6E93 /* Info.plist */,
			);
			name = "Supporting Files";
			sourceTree = "<group>";
		};
		039A99301B58C3F8005E6E93 /* NimbleTests */ = {
			isa = PBXGroup;
			children = (
				039A99331B58C3F8005E6E93 /* NimbleTests.swift */,
				039A99311B58C3F8005E6E93 /* Supporting Files */,
			);
			path = NimbleTests;
			sourceTree = "<group>";
		};
		039A99311B58C3F8005E6E93 /* Supporting Files */ = {
			isa = PBXGroup;
			children = (
				039A99321B58C3F8005E6E93 /* Info.plist */,
			);
			name = "Supporting Files";
			sourceTree = "<group>";
		};
/* End PBXGroup section */

/* Begin PBXNativeTarget section */
		039A991C1B58C3F7005E6E93 /* Nimble */ = {
			isa = PBXNativeTarget;
			buildConfigurationList = 039A99371B58C3F8005E6E93 /* Build configuration list for PBXNativeTarget "Nimble" */;
			buildPhases = (
				039A99191B58C3F7005E6E93 /* Sources */,
				039A991A1B58C3F7005E6E93 /* Frameworks */,
				039A991B1B58C3F7005E6E93 /* Resources */,
			);
			buildRules = (
			);
			dependencies = (
			);
			name = Nimble;
			productName = Nimble;
			productReference = 039A991D1B58C3F7005E6E93 /* Nimble.app */;
			productType = "com.apple.product-type.application";
		};
		039A992C1B58C3F7005E6E93 /* NimbleTests */ = {
			isa = PBXNativeTarget;
			buildConfigurationList = 039A993A1B58C3F8005E6E93 /* Build configuration list for PBXNativeTarget "NimbleTests" */;
			buildPhases = (
				039A99291B58C3F7005E6E93 /* Sources */,
				039A992A1B58C3F7005E6E93 /* Frameworks */,
				039A992B1B58C3F7005E6E93 /* Resources */,
			);
			buildRules = (
			);
			dependencies = (
				039A992F1B58C3F8005E6E93 /* PBXTargetDependency */,
			);
			name = NimbleTests;
			productName = NimbleTests;
			productReference = 039A992D1B58C3F8005E6E93 /* NimbleTests.xctest */;
			productType = "com.apple.product-type.bundle.unit-test";
		};
/* End PBXNativeTarget section */

/* Begin PBXProject section */
		039A99151B58C3F7005E6E93 /* Project object */ = {
			isa = PBXProject;
			attributes = {
				LastUpgradeCheck = 0640;
				ORGANIZATIONNAME = Bright;
				TargetAttributes = {
					039A991C1B58C3F7005E6E93 = {
						CreatedOnToolsVersion = 6.4;
					};
					039A992C1B58C3F7005E6E93 = {
						CreatedOnToolsVersion = 6.4;
						TestTargetID = 039A991C1B58C3F7005E6E93;
					};
				};
			};
			buildConfigurationList = 039A99181B58C3F7005E6E93 /* Build configuration list for PBXProject "Nimble" */;
			compatibilityVersion = "Xcode 3.2";
			developmentRegion = English;
			hasScannedForEncodings = 0;
			knownRegions = (
				en,
				Base,
			);
			mainGroup = 039A99141B58C3F7005E6E93;
			productRefGroup = 039A991E1B58C3F7005E6E93 /* Products */;
			projectDirPath = "";
			projectRoot = "";
			targets = (
				039A991C1B58C3F7005E6E93 /* Nimble */,
				039A992C1B58C3F7005E6E93 /* NimbleTests */,
			);
		};
/* End PBXProject section */

/* Begin PBXResourcesBuildPhase section */
		039A991B1B58C3F7005E6E93 /* Resources */ = {
			isa = PBXResourcesBuildPhase;
			buildActionMask = 2147483647;
			files = (
				039A99251B58C3F7005E6E93 /* Images.xcassets in Resources */,
				038E12841B9AD7CC00AB4FE3 /* About.xib in Resources */,
				03BA70211B5A25A900858FD6 /* MenuViewController.xib in Resources */,
				039A99281B58C3F7005E6E93 /* MainMenu.xib in Resources */,
				038E128C1B9ADC9E00AB4FE3 /* Preferences.xib in Resources */,
			);
			runOnlyForDeploymentPostprocessing = 0;
		};
		039A992B1B58C3F7005E6E93 /* Resources */ = {
			isa = PBXResourcesBuildPhase;
			buildActionMask = 2147483647;
			files = (
			);
			runOnlyForDeploymentPostprocessing = 0;
		};
/* End PBXResourcesBuildPhase section */

/* Begin PBXSourcesBuildPhase section */
		039A99191B58C3F7005E6E93 /* Sources */ = {
			isa = PBXSourcesBuildPhase;
			buildActionMask = 2147483647;
			files = (
				0304038B1B5DE5830080A4E2 /* SwiftyJSON.swift in Sources */,
				038E128E1B9ADDF700AB4FE3 /* PreferencesController.swift in Sources */,
				039A99231B58C3F7005E6E93 /* AppDelegate.swift in Sources */,
				03BA70201B5A25A900858FD6 /* MenuViewController.swift in Sources */,
				038E128A1B9ADB5600AB4FE3 /* AboutController.swift in Sources */,
			);
			runOnlyForDeploymentPostprocessing = 0;
		};
		039A99291B58C3F7005E6E93 /* Sources */ = {
			isa = PBXSourcesBuildPhase;
			buildActionMask = 2147483647;
			files = (
				039A99341B58C3F8005E6E93 /* NimbleTests.swift in Sources */,
			);
			runOnlyForDeploymentPostprocessing = 0;
		};
/* End PBXSourcesBuildPhase section */

/* Begin PBXTargetDependency section */
		039A992F1B58C3F8005E6E93 /* PBXTargetDependency */ = {
			isa = PBXTargetDependency;
			target = 039A991C1B58C3F7005E6E93 /* Nimble */;
			targetProxy = 039A992E1B58C3F8005E6E93 /* PBXContainerItemProxy */;
		};
/* End PBXTargetDependency section */

/* Begin PBXVariantGroup section */
		039A99261B58C3F7005E6E93 /* MainMenu.xib */ = {
			isa = PBXVariantGroup;
			children = (
				039A99271B58C3F7005E6E93 /* Base */,
			);
			name = MainMenu.xib;
			sourceTree = "<group>";
		};
/* End PBXVariantGroup section */

/* Begin XCBuildConfiguration section */
		039A99351B58C3F8005E6E93 /* Debug */ = {
			isa = XCBuildConfiguration;
			buildSettings = {
				ALWAYS_SEARCH_USER_PATHS = NO;
				CLANG_CXX_LANGUAGE_STANDARD = "gnu++0x";
				CLANG_CXX_LIBRARY = "libc++";
				CLANG_ENABLE_MODULES = YES;
				CLANG_ENABLE_OBJC_ARC = YES;
				CLANG_WARN_BOOL_CONVERSION = YES;
				CLANG_WARN_CONSTANT_CONVERSION = YES;
				CLANG_WARN_DIRECT_OBJC_ISA_USAGE = YES_ERROR;
				CLANG_WARN_EMPTY_BODY = YES;
				CLANG_WARN_ENUM_CONVERSION = YES;
				CLANG_WARN_INT_CONVERSION = YES;
				CLANG_WARN_OBJC_ROOT_CLASS = YES_ERROR;
				CLANG_WARN_UNREACHABLE_CODE = YES;
				CLANG_WARN__DUPLICATE_METHOD_MATCH = YES;
				CODE_SIGN_IDENTITY = "-";
				COPY_PHASE_STRIP = NO;
				DEBUG_INFORMATION_FORMAT = dwarf;
				ENABLE_STRICT_OBJC_MSGSEND = YES;
				GCC_C_LANGUAGE_STANDARD = gnu99;
				GCC_DYNAMIC_NO_PIC = NO;
				GCC_NO_COMMON_BLOCKS = YES;
				GCC_OPTIMIZATION_LEVEL = 0;
				GCC_PREPROCESSOR_DEFINITIONS = (
					"DEBUG=1",
					"$(inherited)",
				);
				GCC_SYMBOLS_PRIVATE_EXTERN = NO;
				GCC_WARN_64_TO_32_BIT_CONVERSION = YES;
				GCC_WARN_ABOUT_RETURN_TYPE = YES_ERROR;
				GCC_WARN_UNDECLARED_SELECTOR = YES;
				GCC_WARN_UNINITIALIZED_AUTOS = YES_AGGRESSIVE;
				GCC_WARN_UNUSED_FUNCTION = YES;
				GCC_WARN_UNUSED_VARIABLE = YES;
				MACOSX_DEPLOYMENT_TARGET = 10.10;
				MTL_ENABLE_DEBUG_INFO = YES;
				ONLY_ACTIVE_ARCH = YES;
				SDKROOT = macosx;
				SWIFT_OPTIMIZATION_LEVEL = "-Onone";
			};
			name = Debug;
		};
		039A99361B58C3F8005E6E93 /* Release */ = {
			isa = XCBuildConfiguration;
			buildSettings = {
				ALWAYS_SEARCH_USER_PATHS = NO;
				CLANG_CXX_LANGUAGE_STANDARD = "gnu++0x";
				CLANG_CXX_LIBRARY = "libc++";
				CLANG_ENABLE_MODULES = YES;
				CLANG_ENABLE_OBJC_ARC = YES;
				CLANG_WARN_BOOL_CONVERSION = YES;
				CLANG_WARN_CONSTANT_CONVERSION = YES;
				CLANG_WARN_DIRECT_OBJC_ISA_USAGE = YES_ERROR;
				CLANG_WARN_EMPTY_BODY = YES;
				CLANG_WARN_ENUM_CONVERSION = YES;
				CLANG_WARN_INT_CONVERSION = YES;
				CLANG_WARN_OBJC_ROOT_CLASS = YES_ERROR;
				CLANG_WARN_UNREACHABLE_CODE = YES;
				CLANG_WARN__DUPLICATE_METHOD_MATCH = YES;
				CODE_SIGN_IDENTITY = "-";
				COPY_PHASE_STRIP = NO;
				DEBUG_INFORMATION_FORMAT = "dwarf-with-dsym";
				ENABLE_NS_ASSERTIONS = NO;
				ENABLE_STRICT_OBJC_MSGSEND = YES;
				GCC_C_LANGUAGE_STANDARD = gnu99;
				GCC_NO_COMMON_BLOCKS = YES;
				GCC_WARN_64_TO_32_BIT_CONVERSION = YES;
				GCC_WARN_ABOUT_RETURN_TYPE = YES_ERROR;
				GCC_WARN_UNDECLARED_SELECTOR = YES;
				GCC_WARN_UNINITIALIZED_AUTOS = YES_AGGRESSIVE;
				GCC_WARN_UNUSED_FUNCTION = YES;
				GCC_WARN_UNUSED_VARIABLE = YES;
				MACOSX_DEPLOYMENT_TARGET = 10.10;
				MTL_ENABLE_DEBUG_INFO = NO;
				SDKROOT = macosx;
			};
			name = Release;
		};
		039A99381B58C3F8005E6E93 /* Debug */ = {
			isa = XCBuildConfiguration;
			buildSettings = {
				ASSETCATALOG_COMPILER_APPICON_NAME = AppIcon;
				COMBINE_HIDPI_IMAGES = YES;
				INFOPLIST_FILE = Nimble/Info.plist;
				LD_RUNPATH_SEARCH_PATHS = "$(inherited) @executable_path/../Frameworks";
				PRODUCT_NAME = Nimble;
			};
			name = Debug;
		};
		039A99391B58C3F8005E6E93 /* Release */ = {
			isa = XCBuildConfiguration;
			buildSettings = {
				ASSETCATALOG_COMPILER_APPICON_NAME = AppIcon;
				COMBINE_HIDPI_IMAGES = YES;
				INFOPLIST_FILE = Nimble/Info.plist;
				LD_RUNPATH_SEARCH_PATHS = "$(inherited) @executable_path/../Frameworks";
				PRODUCT_NAME = Nimble;
			};
			name = Release;
		};
		039A993B1B58C3F8005E6E93 /* Debug */ = {
			isa = XCBuildConfiguration;
			buildSettings = {
				BUNDLE_LOADER = "$(TEST_HOST)";
				COMBINE_HIDPI_IMAGES = YES;
				FRAMEWORK_SEARCH_PATHS = (
					"$(DEVELOPER_FRAMEWORKS_DIR)",
					"$(inherited)",
				);
				GCC_PREPROCESSOR_DEFINITIONS = (
					"DEBUG=1",
					"$(inherited)",
				);
				INFOPLIST_FILE = NimbleTests/Info.plist;
				LD_RUNPATH_SEARCH_PATHS = "$(inherited) @executable_path/../Frameworks @loader_path/../Frameworks";
				PRODUCT_NAME = NimbleTests;
				TEST_HOST = "$(BUILT_PRODUCTS_DIR)/Nimble.app/Contents/MacOS/Nimble";
			};
			name = Debug;
		};
		039A993C1B58C3F8005E6E93 /* Release */ = {
			isa = XCBuildConfiguration;
			buildSettings = {
				BUNDLE_LOADER = "$(TEST_HOST)";
				COMBINE_HIDPI_IMAGES = YES;
				FRAMEWORK_SEARCH_PATHS = (
					"$(DEVELOPER_FRAMEWORKS_DIR)",
					"$(inherited)",
				);
				INFOPLIST_FILE = NimbleTests/Info.plist;
				LD_RUNPATH_SEARCH_PATHS = "$(inherited) @executable_path/../Frameworks @loader_path/../Frameworks";
				PRODUCT_NAME = NimbleTests;
				TEST_HOST = "$(BUILT_PRODUCTS_DIR)/Nimble.app/Contents/MacOS/Nimble";
			};
			name = Release;
		};
/* End XCBuildConfiguration section */

/* Begin XCConfigurationList section */
		039A99181B58C3F7005E6E93 /* Build configuration list for PBXProject "Nimble" */ = {
			isa = XCConfigurationList;
			buildConfigurations = (
				039A99351B58C3F8005E6E93 /* Debug */,
				039A99361B58C3F8005E6E93 /* Release */,
			);
			defaultConfigurationIsVisible = 0;
			defaultConfigurationName = Release;
		};
		039A99371B58C3F8005E6E93 /* Build configuration list for PBXNativeTarget "Nimble" */ = {
			isa = XCConfigurationList;
			buildConfigurations = (
				039A99381B58C3F8005E6E93 /* Debug */,
				039A99391B58C3F8005E6E93 /* Release */,
			);
			defaultConfigurationIsVisible = 0;
			defaultConfigurationName = Release;
		};
		039A993A1B58C3F8005E6E93 /* Build configuration list for PBXNativeTarget "NimbleTests" */ = {
			isa = XCConfigurationList;
			buildConfigurations = (
				039A993B1B58C3F8005E6E93 /* Debug */,
				039A993C1B58C3F8005E6E93 /* Release */,
			);
			defaultConfigurationIsVisible = 0;
			defaultConfigurationName = Release;
		};
/* End XCConfigurationList section */
	};
	rootObject = 039A99151B58C3F7005E6E93 /* Project object */;
}
